
Microsoft Visual Studio Solution File, Format Version 12.00
# Visual Studio Version 17
VisualStudioVersion = 17.2.32630.192
MinimumVisualStudioVersion = 10.0.40219.1
Project("{FAE04EC0-301F-11D3-BF4B-00C04F79EFBC}") = "FacadeDesignPattern", "FacadeDesignPattern.csproj", "{73DB1BD7-6480-48DE-BB10-DDBF74166AC6}"
EndProject
Global
	GlobalSection(SolutionConfigurationPlatforms) = preSolution
		Debug|Any CPU = Debug|Any CPU
		Release|Any CPU = Release|Any CPU
	EndGlobalSection
	GlobalSection(ProjectConfigurationPlatforms) = postSolution
		{73DB1BD7-6480-48DE-BB10-DDBF74166AC6}.Debug|Any CPU.ActiveCfg = Debug|Any CPU
		{73DB1BD7-6480-48DE-BB10-DDBF74166AC6}.Debug|Any CPU.Build.0 = Debug|Any CPU
		{73DB1BD7-6480-48DE-BB10-DDBF74166AC6}.Release|Any CPU.ActiveCfg = Release|Any CPU
		{73DB1BD7-6480-48DE-BB10-DDBF74166AC6}.Release|Any CPU.Build.0 = Release|Any CPU
	EndGlobalSection
	GlobalSection(SolutionProperties) = preSolution
		HideSolutionNode = FALSE
	EndGlobalSection
	GlobalSection(ExtensibilityGlobals) = postSolution
		SolutionGuid = {89DD0917-25CD-4C29-8EFD-666018E91157}
	EndGlobalSection
EndGlobal
